// !$*UTF8*$!
{
	archiveVersion = 1;
	classes = {
	};
	objectVersion = 50;
	objects = {

/* Begin PBXBuildFile section */
		30357B9421398AA3005E2315 /* main.c in Sources */ = {isa = PBXBuildFile; fileRef = 30357B9321398AA3005E2315 /* main.c */; };
		30357BA221398B6B005E2315 /* SDL2_mixer.framework in Frameworks */ = {isa = PBXBuildFile; fileRef = 30357B9E21398B6B005E2315 /* SDL2_mixer.framework */; };
		30357BA321398B6B005E2315 /* SDL2_ttf.framework in Frameworks */ = {isa = PBXBuildFile; fileRef = 30357B9F21398B6B005E2315 /* SDL2_ttf.framework */; };
		30357BA421398B6B005E2315 /* SDL2.framework in Frameworks */ = {isa = PBXBuildFile; fileRef = 30357BA021398B6B005E2315 /* SDL2.framework */; };
		30357BA521398B6B005E2315 /* SDL2_image.framework in Frameworks */ = {isa = PBXBuildFile; fileRef = 30357BA121398B6B005E2315 /* SDL2_image.framework */; };
		30357BAA21398C14005E2315 /* tffunctions.c in Sources */ = {isa = PBXBuildFile; fileRef = 30357BA621398C14005E2315 /* tffunctions.c */; };
		30357BAB21398C14005E2315 /* sdl.c in Sources */ = {isa = PBXBuildFile; fileRef = 30357BA721398C14005E2315 /* sdl.c */; };
		30357BB121399FC1005E2315 /* graphics.c in Sources */ = {isa = PBXBuildFile; fileRef = 30357BB021399FC1005E2315 /* graphics.c */; };
/* End PBXBuildFile section */

/* Begin PBXCopyFilesBuildPhase section */
		30357B8E21398AA3005E2315 /* CopyFiles */ = {
			isa = PBXCopyFilesBuildPhase;
			buildActionMask = 2147483647;
			dstPath = /usr/share/man/man1/;
			dstSubfolderSpec = 0;
			files = (
			);
			runOnlyForDeploymentPostprocessing = 1;
		};
/* End PBXCopyFilesBuildPhase section */

/* Begin PBXFileReference section */
		30357B9021398AA3005E2315 /* Snake */ = {isa = PBXFileReference; explicitFileType = "compiled.mach-o.executable"; includeInIndex = 0; path = Snake; sourceTree = BUILT_PRODUCTS_DIR; };
		30357B9321398AA3005E2315 /* main.c */ = {isa = PBXFileReference; lastKnownFileType = sourcecode.c.c; path = main.c; sourceTree = "<group>"; };
		30357B9E21398B6B005E2315 /* SDL2_mixer.framework */ = {isa = PBXFileReference; lastKnownFileType = wrapper.framework; name = SDL2_mixer.framework; path = ../../../../../../Library/Frameworks/SDL2_mixer.framework; sourceTree = "<group>"; };
		30357B9F21398B6B005E2315 /* SDL2_ttf.framework */ = {isa = PBXFileReference; lastKnownFileType = wrapper.framework; name = SDL2_ttf.framework; path = ../../../../../../Library/Frameworks/SDL2_ttf.framework; sourceTree = "<group>"; };
		30357BA021398B6B005E2315 /* SDL2.framework */ = {isa = PBXFileReference; lastKnownFileType = wrapper.framework; name = SDL2.framework; path = ../../../../../../Library/Frameworks/SDL2.framework; sourceTree = "<group>"; };
		30357BA121398B6B005E2315 /* SDL2_image.framework */ = {isa = PBXFileReference; lastKnownFileType = wrapper.framework; name = SDL2_image.framework; path = ../../../../../../Library/Frameworks/SDL2_image.framework; sourceTree = "<group>"; };
		30357BA621398C14005E2315 /* tffunctions.c */ = {isa = PBXFileReference; fileEncoding = 4; lastKnownFileType = sourcecode.c.c; path = tffunctions.c; sourceTree = "<group>"; };
		30357BA721398C14005E2315 /* sdl.c */ = {isa = PBXFileReference; fileEncoding = 4; lastKnownFileType = sourcecode.c.c; path = sdl.c; sourceTree = "<group>"; };
		30357BA821398C14005E2315 /* tffunctions.h */ = {isa = PBXFileReference; fileEncoding = 4; lastKnownFileType = sourcecode.c.h; path = tffunctions.h; sourceTree = "<group>"; };
		30357BA921398C14005E2315 /* sdl.h */ = {isa = PBXFileReference; fileEncoding = 4; lastKnownFileType = sourcecode.c.h; path = sdl.h; sourceTree = "<group>"; };
		30357BAC21398CBA005E2315 /* disappear.wav */ = {isa = PBXFileReference; lastKnownFileType = audio.wav; path = disappear.wav; sourceTree = "<group>"; };
		30357BAD21398CBA005E2315 /* Px437_IBM_BIOS.ttf */ = {isa = PBXFileReference; lastKnownFileType = file; path = Px437_IBM_BIOS.ttf; sourceTree = "<group>"; };
		30357BAF21399FC1005E2315 /* graphics.h */ = {isa = PBXFileReference; lastKnownFileType = sourcecode.c.h; path = graphics.h; sourceTree = "<group>"; };
		30357BB021399FC1005E2315 /* graphics.c */ = {isa = PBXFileReference; lastKnownFileType = sourcecode.c.c; path = graphics.c; sourceTree = "<group>"; };
		30357BB22139C346005E2315 /* pickup.wav */ = {isa = PBXFileReference; lastKnownFileType = audio.wav; path = pickup.wav; sourceTree = "<group>"; };
		30357BB32139C346005E2315 /* dead.wav */ = {isa = PBXFileReference; lastKnownFileType = audio.wav; path = dead.wav; sourceTree = "<group>"; };
/* End PBXFileReference section */

/* Begin PBXFrameworksBuildPhase section */
		30357B8D21398AA3005E2315 /* Frameworks */ = {
			isa = PBXFrameworksBuildPhase;
			buildActionMask = 2147483647;
			files = (
				30357BA221398B6B005E2315 /* SDL2_mixer.framework in Frameworks */,
				30357BA321398B6B005E2315 /* SDL2_ttf.framework in Frameworks */,
				30357BA421398B6B005E2315 /* SDL2.framework in Frameworks */,
				30357BA521398B6B005E2315 /* SDL2_image.framework in Frameworks */,
			);
			runOnlyForDeploymentPostprocessing = 0;
		};
/* End PBXFrameworksBuildPhase section */

/* Begin PBXGroup section */
		30357B8721398AA3005E2315 = {
			isa = PBXGroup;
			children = (
				30357BAE21398CD1005E2315 /* Assets */,
				30357B9221398AA3005E2315 /* Snake */,
				30357B9121398AA3005E2315 /* Products */,
				30357B9D21398B6B005E2315 /* Frameworks */,
			);
			sourceTree = "<group>";
		};
		30357B9121398AA3005E2315 /* Products */ = {
			isa = PBXGroup;
			children = (
				30357B9021398AA3005E2315 /* Snake */,
			);
			name = Products;
			sourceTree = "<group>";
		};
		30357B9221398AA3005E2315 /* Snake */ = {
			isa = PBXGroup;
			children = (
				30357B9321398AA3005E2315 /* main.c */,
				30357BA721398C14005E2315 /* sdl.c */,
				30357BA921398C14005E2315 /* sdl.h */,
				30357BA621398C14005E2315 /* tffunctions.c */,
				30357BA821398C14005E2315 /* tffunctions.h */,
				30357BAF21399FC1005E2315 /* graphics.h */,
				30357BB021399FC1005E2315 /* graphics.c */,
			);
			path = Snake;
			sourceTree = "<group>";
		};
		30357B9D21398B6B005E2315 /* Frameworks */ = {
			isa = PBXGroup;
			children = (
				30357BA121398B6B005E2315 /* SDL2_image.framework */,
				30357B9E21398B6B005E2315 /* SDL2_mixer.framework */,
				30357B9F21398B6B005E2315 /* SDL2_ttf.framework */,
				30357BA021398B6B005E2315 /* SDL2.framework */,
			);
			name = Frameworks;
			sourceTree = "<group>";
		};
		30357BAE21398CD1005E2315 /* Assets */ = {
			isa = PBXGroup;
			children = (
				30357BAC21398CBA005E2315 /* disappear.wav */,
				30357BB32139C346005E2315 /* dead.wav */,
				30357BB22139C346005E2315 /* pickup.wav */,
				30357BAD21398CBA005E2315 /* Px437_IBM_BIOS.ttf */,
			);
			path = Assets;
			sourceTree = "<group>";
		};
/* End PBXGroup section */

/* Begin PBXNativeTarget section */
		30357B8F21398AA3005E2315 /* Snake */ = {
			isa = PBXNativeTarget;
			buildConfigurationList = 30357B9721398AA3005E2315 /* Build configuration list for PBXNativeTarget "Snake" */;
			buildPhases = (
				30357B8C21398AA3005E2315 /* Sources */,
				30357B8D21398AA3005E2315 /* Frameworks */,
				30357B8E21398AA3005E2315 /* CopyFiles */,
			);
			buildRules = (
			);
			dependencies = (
			);
			name = Snake;
			productName = Snake;
			productReference = 30357B9021398AA3005E2315 /* Snake */;
			productType = "com.apple.product-type.tool";
		};
/* End PBXNativeTarget section */

/* Begin PBXProject section */
		30357B8821398AA3005E2315 /* Project object */ = {
			isa = PBXProject;
			attributes = {
				LastUpgradeCheck = 0940;
				ORGANIZATIONNAME = "Thomas Foster";
				TargetAttributes = {
					30357B8F21398AA3005E2315 = {
						CreatedOnToolsVersion = 9.4.1;
					};
				};
			};
			buildConfigurationList = 30357B8B21398AA3005E2315 /* Build configuration list for PBXProject "Snake" */;
			compatibilityVersion = "Xcode 9.3";
			developmentRegion = en;
			hasScannedForEncodings = 0;
			knownRegions = (
				en,
			);
			mainGroup = 30357B8721398AA3005E2315;
			productRefGroup = 30357B9121398AA3005E2315 /* Products */;
			projectDirPath = "";
			projectRoot = "";
			targets = (
				30357B8F21398AA3005E2315 /* Snake */,
			);
		};
/* End PBXProject section */

/* Begin PBXSourcesBuildPhase section */
		30357B8C21398AA3005E2315 /* Sources */ = {
			isa = PBXSourcesBuildPhase;
			buildActionMask = 2147483647;
			files = (
				30357BB121399FC1005E2315 /* graphics.c in Sources */,
				30357BAB21398C14005E2315 /* sdl.c in Sources */,
				30357B9421398AA3005E2315 /* main.c in Sources */,
				30357BAA21398C14005E2315 /* tffunctions.c in Sources */,
			);
			runOnlyForDeploymentPostprocessing = 0;
		};
/* End PBXSourcesBuildPhase section */

/* Begin XCBuildConfiguration section */
		30357B9521398AA3005E2315 /* Debug */ = {
			isa = XCBuildConfiguration;
			buildSettings = {
				ALWAYS_SEARCH_USER_PATHS = NO;
				CLANG_ANALYZER_NONNULL = YES;
				CLANG_ANALYZER_NUMBER_OBJECT_CONVERSION = YES_AGGRESSIVE;
				CLANG_CXX_LANGUAGE_STANDARD = "gnu++14";
				CLANG_CXX_LIBRARY = "libc++";
				CLANG_ENABLE_MODULES = YES;
				CLANG_ENABLE_OBJC_ARC = YES;
				CLANG_ENABLE_OBJC_WEAK = YES;
				CLANG_WARN_BLOCK_CAPTURE_AUTORELEASING = YES;
				CLANG_WARN_BOOL_CONVERSION = YES;
				CLANG_WARN_COMMA = YES;
				CLANG_WARN_CONSTANT_CONVERSION = YES;
				CLANG_WARN_DEPRECATED_OBJC_IMPLEMENTATIONS = YES;
				CLANG_WARN_DIRECT_OBJC_ISA_USAGE = YES_ERROR;
				CLANG_WARN_DOCUMENTATION_COMMENTS = YES;
				CLANG_WARN_EMPTY_BODY = YES;
				CLANG_WARN_ENUM_CONVERSION = YES;
				CLANG_WARN_INFINITE_RECURSION = YES;
				CLANG_WARN_INT_CONVERSION = YES;
				CLANG_WARN_NON_LITERAL_NULL_CONVERSION = YES;
				CLANG_WARN_OBJC_IMPLICIT_RETAIN_SELF = YES;
				CLANG_WARN_OBJC_LITERAL_CONVERSION = YES;
				CLANG_WARN_OBJC_ROOT_CLASS = YES_ERROR;
				CLANG_WARN_RANGE_LOOP_ANALYSIS = YES;
				CLANG_WARN_STRICT_PROTOTYPES = YES;
				CLANG_WARN_SUSPICIOUS_MOVE = YES;
				CLANG_WARN_UNGUARDED_AVAILABILITY = YES_AGGRESSIVE;
				CLANG_WARN_UNREACHABLE_CODE = YES;
				CLANG_WARN__DUPLICATE_METHOD_MATCH = YES;
				CODE_SIGN_IDENTITY = "Mac Developer";
				COPY_PHASE_STRIP = NO;
				DEBUG_INFORMATION_FORMAT = dwarf;
				ENABLE_STRICT_OBJC_MSGSEND = YES;
				ENABLE_TESTABILITY = YES;
				GCC_C_LANGUAGE_STANDARD = gnu11;
				GCC_DYNAMIC_NO_PIC = NO;
				GCC_NO_COMMON_BLOCKS = YES;
				GCC_OPTIMIZATION_LEVEL = 0;
				GCC_PREPROCESSOR_DEFINITIONS = (
					"DEBUG=1",
					"$(inherited)",
				);
				GCC_WARN_64_TO_32_BIT_CONVERSION = YES;
				GCC_WARN_ABOUT_RETURN_TYPE = YES_ERROR;
				GCC_WARN_UNDECLARED_SELECTOR = YES;
				GCC_WARN_UNINITIALIZED_AUTOS = YES_AGGRESSIVE;
				GCC_WARN_UNUSED_FUNCTION = YES;
				GCC_WARN_UNUSED_VARIABLE = YES;
				MACOSX_DEPLOYMENT_TARGET = 10.11;
				MTL_ENABLE_DEBUG_INFO = YES;
				ONLY_ACTIVE_ARCH = YES;
				SDKROOT = macosx;
			};
			name = Debug;
		};
		30357B9621398AA3005E2315 /* Release */ = {
			isa = XCBuildConfiguration;
			buildSettings = {
				ALWAYS_SEARCH_USER_PATHS = NO;
				CLANG_ANALYZER_NONNULL = YES;
				CLANG_ANALYZER_NUMBER_OBJECT_CONVERSION = YES_AGGRESSIVE;
				CLANG_CXX_LANGUAGE_STANDARD = "gnu++14";
				CLANG_CXX_LIBRARY = "libc++";
				CLANG_ENABLE_MODULES = YES;
				CLANG_ENABLE_OBJC_ARC = YES;
				CLANG_ENABLE_OBJC_WEAK = YES;
				CLANG_WARN_BLOCK_CAPTURE_AUTORELEASING = YES;
				CLANG_WARN_BOOL_CONVERSION = YES;
				CLANG_WARN_COMMA = YES;
				CLANG_WARN_CONSTANT_CONVERSION = YES;
				CLANG_WARN_DEPRECATED_OBJC_IMPLEMENTATIONS = YES;
				CLANG_WARN_DIRECT_OBJC_ISA_USAGE = YES_ERROR;
				CLANG_WARN_DOCUMENTATION_COMMENTS = YES;
				CLANG_WARN_EMPTY_BODY = YES;
				CLANG_WARN_ENUM_CONVERSION = YES;
				CLANG_WARN_INFINITE_RECURSION = YES;
				CLANG_WARN_INT_CONVERSION = YES;
				CLANG_WARN_NON_LITERAL_NULL_CONVERSION = YES;
				CLANG_WARN_OBJC_IMPLICIT_RETAIN_SELF = YES;
				CLANG_WARN_OBJC_LITERAL_CONVERSION = YES;
				CLANG_WARN_OBJC_ROOT_CLASS = YES_ERROR;
				CLANG_WARN_RANGE_LOOP_ANALYSIS = YES;
				CLANG_WARN_STRICT_PROTOTYPES = YES;
				CLANG_WARN_SUSPICIOUS_MOVE = YES;
				CLANG_WARN_UNGUARDED_AVAILABILITY = YES_AGGRESSIVE;
				CLANG_WARN_UNREACHABLE_CODE = YES;
				CLANG_WARN__DUPLICATE_METHOD_MATCH = YES;
				CODE_SIGN_IDENTITY = "Mac Developer";
				COPY_PHASE_STRIP = NO;
				DEBUG_INFORMATION_FORMAT = "dwarf-with-dsym";
				ENABLE_NS_ASSERTIONS = NO;
				ENABLE_STRICT_OBJC_MSGSEND = YES;
				GCC_C_LANGUAGE_STANDARD = gnu11;
				GCC_NO_COMMON_BLOCKS = YES;
				GCC_WARN_64_TO_32_BIT_CONVERSION = YES;
				GCC_WARN_ABOUT_RETURN_TYPE = YES_ERROR;
				GCC_WARN_UNDECLARED_SELECTOR = YES;
				GCC_WARN_UNINITIALIZED_AUTOS = YES_AGGRESSIVE;
				GCC_WARN_UNUSED_FUNCTION = YES;
				GCC_WARN_UNUSED_VARIABLE = YES;
				MACOSX_DEPLOYMENT_TARGET = 10.11;
				MTL_ENABLE_DEBUG_INFO = NO;
				SDKROOT = macosx;
			};
			name = Release;
		};
		30357B9821398AA3005E2315 /* Debug */ = {
			isa = XCBuildConfiguration;
			buildSettings = {
				CODE_SIGN_STYLE = Automatic;
				DEVELOPMENT_TEAM = D54ZHB8K4R;
				FRAMEWORK_SEARCH_PATHS = (
					"$(inherited)",
					"$(LOCAL_LIBRARY_DIR)/Frameworks",
				);
				PRODUCT_NAME = "$(TARGET_NAME)";
			};
			name = Debug;
		};
		30357B9921398AA3005E2315 /* Release */ = {
			isa = XCBuildConfiguration;
			buildSettings = {
				CODE_SIGN_STYLE = Automatic;
				DEVELOPMENT_TEAM = D54ZHB8K4R;
				FRAMEWORK_SEARCH_PATHS = (
					"$(inherited)",
					"$(LOCAL_LIBRARY_DIR)/Frameworks",
				);
				PRODUCT_NAME = "$(TARGET_NAME)";
			};
			name = Release;
		};
/* End XCBuildConfiguration section */

/* Begin XCConfigurationList section */
		30357B8B21398AA3005E2315 /* Build configuration list for PBXProject "Snake" */ = {
			isa = XCConfigurationList;
			buildConfigurations = (
				30357B9521398AA3005E2315 /* Debug */,
				30357B9621398AA3005E2315 /* Release */,
			);
			defaultConfigurationIsVisible = 0;
			defaultConfigurationName = Release;
		};
		30357B9721398AA3005E2315 /* Build configuration list for PBXNativeTarget "Snake" */ = {
			isa = XCConfigurationList;
			buildConfigurations = (
				30357B9821398AA3005E2315 /* Debug */,
				30357B9921398AA3005E2315 /* Release */,
			);
			defaultConfigurationIsVisible = 0;
			defaultConfigurationName = Release;
		};
/* End XCConfigurationList section */
	};
	rootObject = 30357B8821398AA3005E2315 /* Project object */;
}
